# THIS IS AN AUTOGENERATED FILE. DO NOT EDIT THIS FILE DIRECTLY.
# yarn lockfile v1


"@vant/area-data@^1.1.1":
  version "1.1.1"
  resolved "https://registry.yarnpkg.com/@vant/area-data/-/area-data-1.1.1.tgz#b9acf8a804c0d60f721b6900680299422b006b1a"
  integrity sha512-MmXTuSh6YYWSvC112iK2/rZhEfe+3vfh6G9TD1sOTOrtw+H9bAnw8ZOiHdkL6hTUCXV+AJEDbFyFsNLpJxqkoA==

"@vant/weapp@^1.6.4":
  version "1.7.1"
  resolved "https://registry.yarnpkg.com/@vant/weapp/-/weapp-1.7.1.tgz#841fc44ef5386bf641d318f7a923ac8f242fa150"
  integrity sha512-dksvR66tKM3VenBor2bWV7/jQqTTJ9HjIJgbT7HskibH1zTSgCGrD3jwHP8efXlSVgicjUVnVhsc/rNNq9LTrw==
